
Microsoft Visual Studio Solution File, Format Version 12.00
# Visual Studio Version 16
VisualStudioVersion = 16.0.30523.141
MinimumVisualStudioVersion = 10.0.40219.1
Project("{FAE04EC0-301F-11D3-BF4B-00C04F79EFBC}") = "SkyWareTest", "SkyWareTest\SkyWareTest.csproj", "{A453D363-7FDF-4ECD-AA65-CBD316925613}"
EndProject
Global
	GlobalSection(SolutionConfigurationPlatforms) = preSolution
		Debug|Any CPU = Debug|Any CPU
		Release|Any CPU = Release|Any CPU
	EndGlobalSection
	GlobalSection(ProjectConfigurationPlatforms) = postSolution
		{A453D363-7FDF-4ECD-AA65-CBD316925613}.Debug|Any CPU.ActiveCfg = Debug|Any CPU
		{A453D363-7FDF-4ECD-AA65-CBD316925613}.Debug|Any CPU.Build.0 = Debug|Any CPU
		{A453D363-7FDF-4ECD-AA65-CBD316925613}.Release|Any CPU.ActiveCfg = Release|Any CPU
		{A453D363-7FDF-4ECD-AA65-CBD316925613}.Release|Any CPU.Build.0 = Release|Any CPU
	EndGlobalSection
	GlobalSection(SolutionProperties) = preSolution
		HideSolutionNode = FALSE
	EndGlobalSection
	GlobalSection(ExtensibilityGlobals) = postSolution
		SolutionGuid = {1EAAB752-5A58-45A3-B684-A9DEA9ADC2BE}
	EndGlobalSection
EndGlobal
